{
  "nodes": {
    "catppuccin": {
      "inputs": {
        "nixpkgs": "nixpkgs"
      },
      "locked": {
        "lastModified": 1743414153,
        "narHash": "sha256-bFIXz7SvLlSNR4M3vYPYS1CpEN9vTUiH01R4iR/BDmA=",
        "owner": "catppuccin",
        "repo": "nix",
        "rev": "2f52f9ead26f80d7b391cedcbb3eb309bd83fff4",
        "type": "github"
      },
      "original": {
        "owner": "catppuccin",
        "repo": "nix",
        "type": "github"
      }
    },
    "disko": {
      "inputs": {
        "nixpkgs": [
          "nixpkgs"
        ]
      },
      "locked": {
        "lastModified": 1741786315,
        "narHash": "sha256-VT65AE2syHVj6v/DGB496bqBnu1PXrrzwlw07/Zpllc=",
        "owner": "nix-community",
        "repo": "disko",
        "rev": "0d8c6ad4a43906d14abd5c60e0ffe7b587b213de",
        "type": "github"
      },
      "original": {
        "owner": "nix-community",
        "repo": "disko",
        "type": "github"
      }
    },
    "home-manager": {
      "inputs": {
        "nixpkgs": [
          "nixpkgs"
        ]
      },
      "locked": {
        "lastModified": 1743513930,
        "narHash": "sha256-ExRQkfXHwHbf6nKgnwDB0vSNInUS16cubvEVm3PrHeQ=",
        "owner": "nix-community",
        "repo": "home-manager",
        "rev": "55cf1f16324e694c991e846ad5fc897f0f75ac64",
        "type": "github"
      },
      "original": {
        "owner": "nix-community",
        "repo": "home-manager",
        "type": "github"
      }
    },
    "nixpkgs": {
      "locked": {
        "lastModified": 1742889210,
        "narHash": "sha256-hw63HnwnqU3ZQfsMclLhMvOezpM7RSB0dMAtD5/sOiw=",
        "owner": "NixOS",
        "repo": "nixpkgs",
        "rev": "698214a32beb4f4c8e3942372c694f40848b360d",
        "type": "github"
      },
      "original": {
        "owner": "NixOS",
        "ref": "nixos-unstable",
        "repo": "nixpkgs",
        "type": "github"
      }
    },
    "nixpkgs_2": {
      "locked": {
        "lastModified": 1743315132,
        "narHash": "sha256-6hl6L/tRnwubHcA4pfUUtk542wn2Om+D4UnDhlDW9BE=",
        "owner": "NixOS",
        "repo": "nixpkgs",
        "rev": "52faf482a3889b7619003c0daec593a1912fddc1",
        "type": "github"
      },
      "original": {
        "owner": "NixOS",
        "ref": "nixos-unstable",
        "repo": "nixpkgs",
        "type": "github"
      }
    },
    "root": {
      "inputs": {
        "catppuccin": "catppuccin",
        "disko": "disko",
        "home-manager": "home-manager",
        "nixpkgs": "nixpkgs_2"
      }
    }
  },
  "root": "root",
  "version": 7
}
